Microsoft Visual Studio Solution File, Format Version 12.00
# Visual Studio Version 17
VisualStudioVersion = 17.5.2.0
MinimumVisualStudioVersion = 10.0.40219.1
Project("{FAE04EC0-301F-11D3-BF4B-00C04F79EFBC}") = "encodeTextToImageTest", "encodeTextToImageTest.csproj", "{267ED809-B24E-E95D-B575-3DA2D3A4B9FB}"
EndProject
Global
	GlobalSection(SolutionConfigurationPlatforms) = preSolution
		Debug|Any CPU = Debug|Any CPU
		Release|Any CPU = Release|Any CPU
	EndGlobalSection
	GlobalSection(ProjectConfigurationPlatforms) = postSolution
		{267ED809-B24E-E95D-B575-3DA2D3A4B9FB}.Debug|Any CPU.ActiveCfg = Debug|Any CPU
		{267ED809-B24E-E95D-B575-3DA2D3A4B9FB}.Debug|Any CPU.Build.0 = Debug|Any CPU
		{267ED809-B24E-E95D-B575-3DA2D3A4B9FB}.Release|Any CPU.ActiveCfg = Release|Any CPU
		{267ED809-B24E-E95D-B575-3DA2D3A4B9FB}.Release|Any CPU.Build.0 = Release|Any CPU
	EndGlobalSection
	GlobalSection(SolutionProperties) = preSolution
		HideSolutionNode = FALSE
	EndGlobalSection
	GlobalSection(ExtensibilityGlobals) = postSolution
		SolutionGuid = {DD067A1A-6877-4FA1-B7DD-B53A0278DD67}
	EndGlobalSection
EndGlobal
